
Microsoft Visual Studio Solution File, Format Version 12.00
# Visual Studio Version 17
VisualStudioVersion = 17.5.002.0
MinimumVisualStudioVersion = 10.0.40219.1
Project("{9A19103F-16F7-4668-BE54-9A1E7A4F7556}") = "inheritance", "inheritance.csproj", "{3EC0A3CB-993D-4A70-8F86-25FCBADEEC3A}"
EndProject
Global
	GlobalSection(SolutionConfigurationPlatforms) = preSolution
		Debug|Any CPU = Debug|Any CPU
		Release|Any CPU = Release|Any CPU
	EndGlobalSection
	GlobalSection(ProjectConfigurationPlatforms) = postSolution
		{3EC0A3CB-993D-4A70-8F86-25FCBADEEC3A}.Debug|Any CPU.ActiveCfg = Debug|Any CPU
		{3EC0A3CB-993D-4A70-8F86-25FCBADEEC3A}.Debug|Any CPU.Build.0 = Debug|Any CPU
		{3EC0A3CB-993D-4A70-8F86-25FCBADEEC3A}.Release|Any CPU.ActiveCfg = Release|Any CPU
		{3EC0A3CB-993D-4A70-8F86-25FCBADEEC3A}.Release|Any CPU.Build.0 = Release|Any CPU
	EndGlobalSection
	GlobalSection(SolutionProperties) = preSolution
		HideSolutionNode = FALSE
	EndGlobalSection
	GlobalSection(ExtensibilityGlobals) = postSolution
		SolutionGuid = {0ABAC11E-43CF-4983-8485-45AA0DBB9584}
	EndGlobalSection
EndGlobal
